Microsoft Visual Studio Solution File, Format Version 12.00
# Visual Studio 2012
Project("{FAE04EC0-301F-11D3-BF4B-00C04F79EFBC}") = "2D Platformer - .NET", "2D Platformer - .NET.csproj", "{EF389370-F2CC-4889-9729-DE9D82DE12A8}"
EndProject
Global
	GlobalSection(SolutionConfigurationPlatforms) = preSolution
	Debug|Any CPU = Debug|Any CPU
	ExportDebug|Any CPU = ExportDebug|Any CPU
	ExportRelease|Any CPU = ExportRelease|Any CPU
	EndGlobalSection
	GlobalSection(ProjectConfigurationPlatforms) = postSolution
		{EF389370-F2CC-4889-9729-DE9D82DE12A8}.Debug|Any CPU.ActiveCfg = Debug|Any CPU
		{EF389370-F2CC-4889-9729-DE9D82DE12A8}.Debug|Any CPU.Build.0 = Debug|Any CPU
		{EF389370-F2CC-4889-9729-DE9D82DE12A8}.ExportDebug|Any CPU.ActiveCfg = ExportDebug|Any CPU
		{EF389370-F2CC-4889-9729-DE9D82DE12A8}.ExportDebug|Any CPU.Build.0 = ExportDebug|Any CPU
		{EF389370-F2CC-4889-9729-DE9D82DE12A8}.ExportRelease|Any CPU.ActiveCfg = ExportRelease|Any CPU
		{EF389370-F2CC-4889-9729-DE9D82DE12A8}.ExportRelease|Any CPU.Build.0 = ExportRelease|Any CPU
	EndGlobalSection
EndGlobal
